
Microsoft Visual Studio Solution File, Format Version 12.00
# Visual Studio Version 17
VisualStudioVersion = 17.5.33530.505
MinimumVisualStudioVersion = 10.0.40219.1
Project("{FAE04EC0-301F-11D3-BF4B-00C04F79EFBC}") = "WinWire.App", "WinWire.App\WinWire.App.csproj", "{AC73A21E-4A9D-4960-84DF-D91100B90EA8}"
EndProject
Project("{FAE04EC0-301F-11D3-BF4B-00C04F79EFBC}") = "WinWire.Core", "WinWire.Core\WinWire.Core.csproj", "{081CF31D-17B4-4EF9-998D-19C55588587A}"
EndProject
Global
	GlobalSection(SolutionConfigurationPlatforms) = preSolution
		Debug|Any CPU = Debug|Any CPU
		Release|Any CPU = Release|Any CPU
	EndGlobalSection
	GlobalSection(ProjectConfigurationPlatforms) = postSolution
		{AC73A21E-4A9D-4960-84DF-D91100B90EA8}.Debug|Any CPU.ActiveCfg = Debug|Any CPU
		{AC73A21E-4A9D-4960-84DF-D91100B90EA8}.Debug|Any CPU.Build.0 = Debug|Any CPU
		{AC73A21E-4A9D-4960-84DF-D91100B90EA8}.Release|Any CPU.ActiveCfg = Release|Any CPU
		{AC73A21E-4A9D-4960-84DF-D91100B90EA8}.Release|Any CPU.Build.0 = Release|Any CPU
		{081CF31D-17B4-4EF9-998D-19C55588587A}.Debug|Any CPU.ActiveCfg = Debug|Any CPU
		{081CF31D-17B4-4EF9-998D-19C55588587A}.Debug|Any CPU.Build.0 = Debug|Any CPU
		{081CF31D-17B4-4EF9-998D-19C55588587A}.Release|Any CPU.ActiveCfg = Release|Any CPU
		{081CF31D-17B4-4EF9-998D-19C55588587A}.Release|Any CPU.Build.0 = Release|Any CPU
	EndGlobalSection
	GlobalSection(SolutionProperties) = preSolution
		HideSolutionNode = FALSE
	EndGlobalSection
	GlobalSection(ExtensibilityGlobals) = postSolution
		SolutionGuid = {1631E74B-7D48-4AD4-99AF-78F8E5C49253}
	EndGlobalSection
EndGlobal
